{
  "object": {
    "pins": [
      {
        "package": "async-http-client",
        "repositoryURL": "https://github.com/swift-server/async-http-client.git",
        "state": {
          "branch": null,
          "revision": "4b4d6605aa2e4f0c2ae3c7563795ae3bec259fff",
          "version": "1.2.1"
        }
      },
      {
        "package": "async-kit",
        "repositoryURL": "https://github.com/vapor/async-kit.git",
        "state": {
          "branch": null,
          "revision": "7457413e57dbfac762b32dd30c1caf2c55a02a3d",
          "version": "1.2.0"
        }
      },
      {
        "package": "console-kit",
        "repositoryURL": "https://github.com/vapor/console-kit.git",
        "state": {
          "branch": null,
          "revision": "7454e839bc5ae0e75c3946d2613e442fd342fe6b",
          "version": "4.2.4"
        }
      },
      {
        "package": "fluent",
        "repositoryURL": "https://github.com/vapor/fluent",
        "state": {
          "branch": null,
          "revision": "e681c93df3201a2d8ceef15e8a9a0634578df233",
          "version": "4.0.0"
        }
      },
      {
        "package": "fluent-kit",
        "repositoryURL": "https://github.com/vapor/fluent-kit.git",
        "state": {
          "branch": null,
          "revision": "ef2a9a76c48856f0388ee2026d67d2ebde8c571c",
          "version": "1.7.3"
        }
      },
      {
        "package": "fluent-sqlite-driver",
        "repositoryURL": "https://github.com/vapor/fluent-sqlite-driver",
        "state": {
          "branch": null,
          "revision": "6f29f6f182c812075f09c7575c18ac5535c26824",
          "version": "4.0.1"
        }
      },
      {
        "package": "leaf",
        "repositoryURL": "https://github.com/tib/leaf",
        "state": {
          "branch": "tau",
          "revision": "36f942427b5e70e9edd59db0b685a3bc2d48f011",
          "version": null
        }
      },
      {
        "package": "leaf-kit",
        "repositoryURL": "https://github.com/tdotclare/leaf-kit.git",
        "state": {
          "branch": "Tau",
          "revision": "d8476b10a38bddcb4c67eecf00d75e0f1ea615dc",
          "version": null
        }
      },
      {
        "package": "LoremSwiftum",
        "repositoryURL": "https://github.com/lukaskubanek/LoremSwiftum",
        "state": {
          "branch": null,
          "revision": "eef89bf8b9937462f9c493789609897763b383e2",
          "version": "2.2.1"
        }
      },
      {
        "package": "routing-kit",
        "repositoryURL": "https://github.com/vapor/routing-kit.git",
        "state": {
          "branch": null,
          "revision": "4cf052b78aebaf1b23f2264ce04d57b4b6eb5254",
          "version": "4.2.0"
        }
      },
      {
        "package": "sql-kit",
        "repositoryURL": "https://github.com/vapor/sql-kit.git",
        "state": {
          "branch": null,
          "revision": "ea9928b7f4a801b175a00b982034d9c54ecb6167",
          "version": "3.7.0"
        }
      },
      {
        "package": "sqlite-kit",
        "repositoryURL": "https://github.com/vapor/sqlite-kit.git",
        "state": {
          "branch": null,
          "revision": "2ec279b9c845cec254646834b66338551a024561",
          "version": "4.0.2"
        }
      },
      {
        "package": "sqlite-nio",
        "repositoryURL": "https://github.com/vapor/sqlite-nio.git",
        "state": {
          "branch": null,
          "revision": "6481dd0b01112d082dd7eb362782126e81964138",
          "version": "1.1.0"
        }
      },
      {
        "package": "swift-backtrace",
        "repositoryURL": "https://github.com/swift-server/swift-backtrace.git",
        "state": {
          "branch": null,
          "revision": "f2fd8c4845a123419c348e0bc4b3839c414077d5",
          "version": "1.2.0"
        }
      },
      {
        "package": "swift-crypto",
        "repositoryURL": "https://github.com/apple/swift-crypto.git",
        "state": {
          "branch": null,
          "revision": "9680b7251cd2be22caaed8f1468bd9e8915a62fb",
          "version": "1.1.2"
        }
      },
      {
        "package": "swift-log",
        "repositoryURL": "https://github.com/apple/swift-log.git",
        "state": {
          "branch": null,
          "revision": "173f567a2dfec11d74588eea82cecea555bdc0bc",
          "version": "1.4.0"
        }
      },
      {
        "package": "swift-metrics",
        "repositoryURL": "https://github.com/apple/swift-metrics.git",
        "state": {
          "branch": null,
          "revision": "f5ed78cb26019b2b85b016f8aa5b1a3427c8251a",
          "version": "2.1.0"
        }
      },
      {
        "package": "swift-nio",
        "repositoryURL": "https://github.com/apple/swift-nio.git",
        "state": {
          "branch": null,
          "revision": "c3e2359c55cd8b47207ab7363b77c9c398a95294",
          "version": "2.23.0"
        }
      },
      {
        "package": "swift-nio-extras",
        "repositoryURL": "https://github.com/apple/swift-nio-extras.git",
        "state": {
          "branch": null,
          "revision": "e5b5d191a80667a14827bfeb0ae4a511f7677942",
          "version": "1.7.0"
        }
      },
      {
        "package": "swift-nio-http2",
        "repositoryURL": "https://github.com/apple/swift-nio-http2.git",
        "state": {
          "branch": null,
          "revision": "78ddbdfca10f64e4399da37c63372fd8db232152",
          "version": "1.15.0"
        }
      },
      {
        "package": "swift-nio-ssl",
        "repositoryURL": "https://github.com/apple/swift-nio-ssl.git",
        "state": {
          "branch": null,
          "revision": "eb102ad32add8638410e37a69bc815ea11379813",
          "version": "2.10.0"
        }
      },
      {
        "package": "swift-nio-transport-services",
        "repositoryURL": "https://github.com/apple/swift-nio-transport-services.git",
        "state": {
          "branch": null,
          "revision": "bb56586c4cab9a79dce6ec4738baddb5802c5de7",
          "version": "1.9.0"
        }
      },
      {
        "package": "vapor",
        "repositoryURL": "https://github.com/vapor/vapor",
        "state": {
          "branch": null,
          "revision": "29f5370b119593083674a4f7e6795ac2f4d884ef",
          "version": "4.32.0"
        }
      },
      {
        "package": "websocket-kit",
        "repositoryURL": "https://github.com/vapor/websocket-kit.git",
        "state": {
          "branch": null,
          "revision": "b0736014be634475dac4c23843811257d86dcdc1",
          "version": "2.1.1"
        }
      }
    ]
  },
  "version": 1
}
