// !$*UTF8*$!
{
	archiveVersion = 1;
	classes = {
	};
	objectVersion = 52;
	objects = {

/* Begin PBXBuildFile section */
		16C6E77424AA237F00F362D4 /* MyProjectApi in Frameworks */ = {isa = PBXBuildFile; productRef = 16C6E77324AA237F00F362D4 /* MyProjectApi */; };
		16C6E77724AA239C00F362D4 /* VIPER in Frameworks */ = {isa = PBXBuildFile; productRef = 16C6E77624AA239C00F362D4 /* VIPER */; };
		16C6E7A424AA28DA00F362D4 /* CustomCell.swift in Sources */ = {isa = PBXBuildFile; fileRef = 16C6E77C24AA28DA00F362D4 /* CustomCell.swift */; };
		16C6E7A524AA28DA00F362D4 /* URLSession+DowloadTaskPublisher.swift in Sources */ = {isa = PBXBuildFile; fileRef = 16C6E77E24AA28DA00F362D4 /* URLSession+DowloadTaskPublisher.swift */; };
		16C6E7A624AA28DA00F362D4 /* URLSession+DownloadTaskSubscription.swift in Sources */ = {isa = PBXBuildFile; fileRef = 16C6E77F24AA28DA00F362D4 /* URLSession+DownloadTaskSubscription.swift */; };
		16C6E7A724AA28DA00F362D4 /* AppDelegate.swift in Sources */ = {isa = PBXBuildFile; fileRef = 16C6E78024AA28DA00F362D4 /* AppDelegate.swift */; };
		16C6E7A824AA28DA00F362D4 /* ModuleRouter.swift in Sources */ = {isa = PBXBuildFile; fileRef = 16C6E78224AA28DA00F362D4 /* ModuleRouter.swift */; };
		16C6E7A924AA28DA00F362D4 /* ModuleBuilderInterface.swift in Sources */ = {isa = PBXBuildFile; fileRef = 16C6E78324AA28DA00F362D4 /* ModuleBuilderInterface.swift */; };
		16C6E7AA24AA28DA00F362D4 /* RootModule.swift in Sources */ = {isa = PBXBuildFile; fileRef = 16C6E78524AA28DA00F362D4 /* RootModule.swift */; };
		16C6E7AB24AA28DA00F362D4 /* RootInteractor.swift in Sources */ = {isa = PBXBuildFile; fileRef = 16C6E78624AA28DA00F362D4 /* RootInteractor.swift */; };
		16C6E7AC24AA28DA00F362D4 /* RootRouter.swift in Sources */ = {isa = PBXBuildFile; fileRef = 16C6E78724AA28DA00F362D4 /* RootRouter.swift */; };
		16C6E7AD24AA28DA00F362D4 /* RootView.swift in Sources */ = {isa = PBXBuildFile; fileRef = 16C6E78824AA28DA00F362D4 /* RootView.swift */; };
		16C6E7AE24AA28DA00F362D4 /* RootPresenter.swift in Sources */ = {isa = PBXBuildFile; fileRef = 16C6E78924AA28DA00F362D4 /* RootPresenter.swift */; };
		16C6E7AF24AA28DA00F362D4 /* RootEntity.swift in Sources */ = {isa = PBXBuildFile; fileRef = 16C6E78A24AA28DA00F362D4 /* RootEntity.swift */; };
		16C6E7B024AA28DA00F362D4 /* AccountRouter.swift in Sources */ = {isa = PBXBuildFile; fileRef = 16C6E78C24AA28DA00F362D4 /* AccountRouter.swift */; };
		16C6E7B124AA28DA00F362D4 /* AccountModule.swift in Sources */ = {isa = PBXBuildFile; fileRef = 16C6E78D24AA28DA00F362D4 /* AccountModule.swift */; };
		16C6E7B224AA28DA00F362D4 /* AccountInteractor.swift in Sources */ = {isa = PBXBuildFile; fileRef = 16C6E78E24AA28DA00F362D4 /* AccountInteractor.swift */; };
		16C6E7B324AA28DA00F362D4 /* AccountPresenter.swift in Sources */ = {isa = PBXBuildFile; fileRef = 16C6E78F24AA28DA00F362D4 /* AccountPresenter.swift */; };
		16C6E7B424AA28DA00F362D4 /* AccountView.swift in Sources */ = {isa = PBXBuildFile; fileRef = 16C6E79024AA28DA00F362D4 /* AccountView.swift */; };
		16C6E7B524AA28DA00F362D4 /* ModuleBuilder.swift in Sources */ = {isa = PBXBuildFile; fileRef = 16C6E79124AA28DA00F362D4 /* ModuleBuilder.swift */; };
		16C6E7B624AA28DA00F362D4 /* App.swift in Sources */ = {isa = PBXBuildFile; fileRef = 16C6E79224AA28DA00F362D4 /* App.swift */; };
		16C6E7B724AA28DA00F362D4 /* ServiceInteractor.swift in Sources */ = {isa = PBXBuildFile; fileRef = 16C6E79424AA28DA00F362D4 /* ServiceInteractor.swift */; };
		16C6E7B824AA28DA00F362D4 /* MyProjectApiService.swift in Sources */ = {isa = PBXBuildFile; fileRef = 16C6E79724AA28DA00F362D4 /* MyProjectApiService.swift */; };
		16C6E7B924AA28DA00F362D4 /* HTTP.swift in Sources */ = {isa = PBXBuildFile; fileRef = 16C6E79824AA28DA00F362D4 /* HTTP.swift */; };
		16C6E7BA24AA28DA00F362D4 /* ApiServiceInterface.swift in Sources */ = {isa = PBXBuildFile; fileRef = 16C6E79924AA28DA00F362D4 /* ApiServiceInterface.swift */; };
		16C6E7BB24AA28DA00F362D4 /* ServiceBuilderInterface.swift in Sources */ = {isa = PBXBuildFile; fileRef = 16C6E79A24AA28DA00F362D4 /* ServiceBuilderInterface.swift */; };
		16C6E7BC24AA28DA00F362D4 /* ServiceInterface.swift in Sources */ = {isa = PBXBuildFile; fileRef = 16C6E79B24AA28DA00F362D4 /* ServiceInterface.swift */; };
		16C6E7BD24AA28DA00F362D4 /* ServiceBuilder.swift in Sources */ = {isa = PBXBuildFile; fileRef = 16C6E79C24AA28DA00F362D4 /* ServiceBuilder.swift */; };
		16C6E7BE24AA28DA00F362D4 /* SceneDelegate.swift in Sources */ = {isa = PBXBuildFile; fileRef = 16C6E79D24AA28DA00F362D4 /* SceneDelegate.swift */; };
		16C6E7BF24AA28DA00F362D4 /* Assets.xcassets in Resources */ = {isa = PBXBuildFile; fileRef = 16C6E79F24AA28DA00F362D4 /* Assets.xcassets */; };
		16C6E7C024AA28DA00F362D4 /* LaunchScreen.storyboard in Resources */ = {isa = PBXBuildFile; fileRef = 16C6E7A124AA28DA00F362D4 /* LaunchScreen.storyboard */; };
/* End PBXBuildFile section */

/* Begin PBXFileReference section */
		16C6E71E24AA231000F362D4 /* MyProject.app */ = {isa = PBXFileReference; explicitFileType = wrapper.application; includeInIndex = 0; path = MyProject.app; sourceTree = BUILT_PRODUCTS_DIR; };
		16C6E77124AA234300F362D4 /* MyProjectApi */ = {isa = PBXFileReference; lastKnownFileType = folder; name = MyProjectApi; path = ../MyProjectApi; sourceTree = "<group>"; };
		16C6E77C24AA28DA00F362D4 /* CustomCell.swift */ = {isa = PBXFileReference; fileEncoding = 4; lastKnownFileType = sourcecode.swift; path = CustomCell.swift; sourceTree = "<group>"; };
		16C6E77E24AA28DA00F362D4 /* URLSession+DowloadTaskPublisher.swift */ = {isa = PBXFileReference; fileEncoding = 4; lastKnownFileType = sourcecode.swift; path = "URLSession+DowloadTaskPublisher.swift"; sourceTree = "<group>"; };
		16C6E77F24AA28DA00F362D4 /* URLSession+DownloadTaskSubscription.swift */ = {isa = PBXFileReference; fileEncoding = 4; lastKnownFileType = sourcecode.swift; path = "URLSession+DownloadTaskSubscription.swift"; sourceTree = "<group>"; };
		16C6E78024AA28DA00F362D4 /* AppDelegate.swift */ = {isa = PBXFileReference; fileEncoding = 4; lastKnownFileType = sourcecode.swift; path = AppDelegate.swift; sourceTree = "<group>"; };
		16C6E78224AA28DA00F362D4 /* ModuleRouter.swift */ = {isa = PBXFileReference; fileEncoding = 4; lastKnownFileType = sourcecode.swift; path = ModuleRouter.swift; sourceTree = "<group>"; };
		16C6E78324AA28DA00F362D4 /* ModuleBuilderInterface.swift */ = {isa = PBXFileReference; fileEncoding = 4; lastKnownFileType = sourcecode.swift; path = ModuleBuilderInterface.swift; sourceTree = "<group>"; };
		16C6E78524AA28DA00F362D4 /* RootModule.swift */ = {isa = PBXFileReference; fileEncoding = 4; lastKnownFileType = sourcecode.swift; path = RootModule.swift; sourceTree = "<group>"; };
		16C6E78624AA28DA00F362D4 /* RootInteractor.swift */ = {isa = PBXFileReference; fileEncoding = 4; lastKnownFileType = sourcecode.swift; path = RootInteractor.swift; sourceTree = "<group>"; };
		16C6E78724AA28DA00F362D4 /* RootRouter.swift */ = {isa = PBXFileReference; fileEncoding = 4; lastKnownFileType = sourcecode.swift; path = RootRouter.swift; sourceTree = "<group>"; };
		16C6E78824AA28DA00F362D4 /* RootView.swift */ = {isa = PBXFileReference; fileEncoding = 4; lastKnownFileType = sourcecode.swift; path = RootView.swift; sourceTree = "<group>"; };
		16C6E78924AA28DA00F362D4 /* RootPresenter.swift */ = {isa = PBXFileReference; fileEncoding = 4; lastKnownFileType = sourcecode.swift; path = RootPresenter.swift; sourceTree = "<group>"; };
		16C6E78A24AA28DA00F362D4 /* RootEntity.swift */ = {isa = PBXFileReference; fileEncoding = 4; lastKnownFileType = sourcecode.swift; path = RootEntity.swift; sourceTree = "<group>"; };
		16C6E78C24AA28DA00F362D4 /* AccountRouter.swift */ = {isa = PBXFileReference; fileEncoding = 4; lastKnownFileType = sourcecode.swift; path = AccountRouter.swift; sourceTree = "<group>"; };
		16C6E78D24AA28DA00F362D4 /* AccountModule.swift */ = {isa = PBXFileReference; fileEncoding = 4; lastKnownFileType = sourcecode.swift; path = AccountModule.swift; sourceTree = "<group>"; };
		16C6E78E24AA28DA00F362D4 /* AccountInteractor.swift */ = {isa = PBXFileReference; fileEncoding = 4; lastKnownFileType = sourcecode.swift; path = AccountInteractor.swift; sourceTree = "<group>"; };
		16C6E78F24AA28DA00F362D4 /* AccountPresenter.swift */ = {isa = PBXFileReference; fileEncoding = 4; lastKnownFileType = sourcecode.swift; path = AccountPresenter.swift; sourceTree = "<group>"; };
		16C6E79024AA28DA00F362D4 /* AccountView.swift */ = {isa = PBXFileReference; fileEncoding = 4; lastKnownFileType = sourcecode.swift; path = AccountView.swift; sourceTree = "<group>"; };
		16C6E79124AA28DA00F362D4 /* ModuleBuilder.swift */ = {isa = PBXFileReference; fileEncoding = 4; lastKnownFileType = sourcecode.swift; path = ModuleBuilder.swift; sourceTree = "<group>"; };
		16C6E79224AA28DA00F362D4 /* App.swift */ = {isa = PBXFileReference; fileEncoding = 4; lastKnownFileType = sourcecode.swift; path = App.swift; sourceTree = "<group>"; };
		16C6E79424AA28DA00F362D4 /* ServiceInteractor.swift */ = {isa = PBXFileReference; fileEncoding = 4; lastKnownFileType = sourcecode.swift; path = ServiceInteractor.swift; sourceTree = "<group>"; };
		16C6E79724AA28DA00F362D4 /* MyProjectApiService.swift */ = {isa = PBXFileReference; fileEncoding = 4; lastKnownFileType = sourcecode.swift; path = MyProjectApiService.swift; sourceTree = "<group>"; };
		16C6E79824AA28DA00F362D4 /* HTTP.swift */ = {isa = PBXFileReference; fileEncoding = 4; lastKnownFileType = sourcecode.swift; path = HTTP.swift; sourceTree = "<group>"; };
		16C6E79924AA28DA00F362D4 /* ApiServiceInterface.swift */ = {isa = PBXFileReference; fileEncoding = 4; lastKnownFileType = sourcecode.swift; path = ApiServiceInterface.swift; sourceTree = "<group>"; };
		16C6E79A24AA28DA00F362D4 /* ServiceBuilderInterface.swift */ = {isa = PBXFileReference; fileEncoding = 4; lastKnownFileType = sourcecode.swift; path = ServiceBuilderInterface.swift; sourceTree = "<group>"; };
		16C6E79B24AA28DA00F362D4 /* ServiceInterface.swift */ = {isa = PBXFileReference; fileEncoding = 4; lastKnownFileType = sourcecode.swift; path = ServiceInterface.swift; sourceTree = "<group>"; };
		16C6E79C24AA28DA00F362D4 /* ServiceBuilder.swift */ = {isa = PBXFileReference; fileEncoding = 4; lastKnownFileType = sourcecode.swift; path = ServiceBuilder.swift; sourceTree = "<group>"; };
		16C6E79D24AA28DA00F362D4 /* SceneDelegate.swift */ = {isa = PBXFileReference; fileEncoding = 4; lastKnownFileType = sourcecode.swift; path = SceneDelegate.swift; sourceTree = "<group>"; };
		16C6E79F24AA28DA00F362D4 /* Assets.xcassets */ = {isa = PBXFileReference; lastKnownFileType = folder.assetcatalog; path = Assets.xcassets; sourceTree = "<group>"; };
		16C6E7A024AA28DA00F362D4 /* MyProject.entitlements */ = {isa = PBXFileReference; fileEncoding = 4; lastKnownFileType = text.plist.entitlements; path = MyProject.entitlements; sourceTree = "<group>"; };
		16C6E7A224AA28DA00F362D4 /* Base */ = {isa = PBXFileReference; lastKnownFileType = file.storyboard; name = Base; path = Base.lproj/LaunchScreen.storyboard; sourceTree = "<group>"; };
		16C6E7A324AA28DA00F362D4 /* Info.plist */ = {isa = PBXFileReference; fileEncoding = 4; lastKnownFileType = text.plist.xml; path = Info.plist; sourceTree = "<group>"; };
/* End PBXFileReference section */

/* Begin PBXFrameworksBuildPhase section */
		16C6E71B24AA231000F362D4 /* Frameworks */ = {
			isa = PBXFrameworksBuildPhase;
			buildActionMask = 2147483647;
			files = (
				16C6E77424AA237F00F362D4 /* MyProjectApi in Frameworks */,
				16C6E77724AA239C00F362D4 /* VIPER in Frameworks */,
			);
			runOnlyForDeploymentPostprocessing = 0;
		};
/* End PBXFrameworksBuildPhase section */

/* Begin PBXGroup section */
		16C6E71524AA231000F362D4 = {
			isa = PBXGroup;
			children = (
				16C6E77124AA234300F362D4 /* MyProjectApi */,
				16C6E77824AA28DA00F362D4 /* iOS */,
				16C6E71F24AA231000F362D4 /* Products */,
				16C6E77224AA237F00F362D4 /* Frameworks */,
			);
			sourceTree = "<group>";
		};
		16C6E71F24AA231000F362D4 /* Products */ = {
			isa = PBXGroup;
			children = (
				16C6E71E24AA231000F362D4 /* MyProject.app */,
			);
			name = Products;
			sourceTree = "<group>";
		};
		16C6E77224AA237F00F362D4 /* Frameworks */ = {
			isa = PBXGroup;
			children = (
			);
			name = Frameworks;
			sourceTree = "<group>";
		};
		16C6E77824AA28DA00F362D4 /* iOS */ = {
			isa = PBXGroup;
			children = (
				16C6E77924AA28DA00F362D4 /* Sources */,
				16C6E79E24AA28DA00F362D4 /* Assets */,
			);
			path = iOS;
			sourceTree = "<group>";
		};
		16C6E77924AA28DA00F362D4 /* Sources */ = {
			isa = PBXGroup;
			children = (
				16C6E78124AA28DA00F362D4 /* Modules */,
				16C6E79324AA28DA00F362D4 /* Services */,
				16C6E77A24AA28DA00F362D4 /* App */,
				16C6E78024AA28DA00F362D4 /* AppDelegate.swift */,
				16C6E79D24AA28DA00F362D4 /* SceneDelegate.swift */,
			);
			path = Sources;
			sourceTree = "<group>";
		};
		16C6E77A24AA28DA00F362D4 /* App */ = {
			isa = PBXGroup;
			children = (
				16C6E77B24AA28DA00F362D4 /* Cells */,
				16C6E77D24AA28DA00F362D4 /* Extensions */,
			);
			path = App;
			sourceTree = "<group>";
		};
		16C6E77B24AA28DA00F362D4 /* Cells */ = {
			isa = PBXGroup;
			children = (
				16C6E77C24AA28DA00F362D4 /* CustomCell.swift */,
			);
			path = Cells;
			sourceTree = "<group>";
		};
		16C6E77D24AA28DA00F362D4 /* Extensions */ = {
			isa = PBXGroup;
			children = (
				16C6E77E24AA28DA00F362D4 /* URLSession+DowloadTaskPublisher.swift */,
				16C6E77F24AA28DA00F362D4 /* URLSession+DownloadTaskSubscription.swift */,
			);
			path = Extensions;
			sourceTree = "<group>";
		};
		16C6E78124AA28DA00F362D4 /* Modules */ = {
			isa = PBXGroup;
			children = (
				16C6E78224AA28DA00F362D4 /* ModuleRouter.swift */,
				16C6E78324AA28DA00F362D4 /* ModuleBuilderInterface.swift */,
				16C6E78424AA28DA00F362D4 /* Root */,
				16C6E78B24AA28DA00F362D4 /* Account */,
				16C6E79124AA28DA00F362D4 /* ModuleBuilder.swift */,
				16C6E79224AA28DA00F362D4 /* App.swift */,
			);
			path = Modules;
			sourceTree = "<group>";
		};
		16C6E78424AA28DA00F362D4 /* Root */ = {
			isa = PBXGroup;
			children = (
				16C6E78524AA28DA00F362D4 /* RootModule.swift */,
				16C6E78624AA28DA00F362D4 /* RootInteractor.swift */,
				16C6E78724AA28DA00F362D4 /* RootRouter.swift */,
				16C6E78824AA28DA00F362D4 /* RootView.swift */,
				16C6E78924AA28DA00F362D4 /* RootPresenter.swift */,
				16C6E78A24AA28DA00F362D4 /* RootEntity.swift */,
			);
			path = Root;
			sourceTree = "<group>";
		};
		16C6E78B24AA28DA00F362D4 /* Account */ = {
			isa = PBXGroup;
			children = (
				16C6E78C24AA28DA00F362D4 /* AccountRouter.swift */,
				16C6E78D24AA28DA00F362D4 /* AccountModule.swift */,
				16C6E78E24AA28DA00F362D4 /* AccountInteractor.swift */,
				16C6E78F24AA28DA00F362D4 /* AccountPresenter.swift */,
				16C6E79024AA28DA00F362D4 /* AccountView.swift */,
			);
			path = Account;
			sourceTree = "<group>";
		};
		16C6E79324AA28DA00F362D4 /* Services */ = {
			isa = PBXGroup;
			children = (
				16C6E79424AA28DA00F362D4 /* ServiceInteractor.swift */,
				16C6E79524AA28DA00F362D4 /* Api */,
				16C6E79A24AA28DA00F362D4 /* ServiceBuilderInterface.swift */,
				16C6E79B24AA28DA00F362D4 /* ServiceInterface.swift */,
				16C6E79C24AA28DA00F362D4 /* ServiceBuilder.swift */,
			);
			path = Services;
			sourceTree = "<group>";
		};
		16C6E79524AA28DA00F362D4 /* Api */ = {
			isa = PBXGroup;
			children = (
				16C6E79624AA28DA00F362D4 /* MyProject */,
				16C6E79924AA28DA00F362D4 /* ApiServiceInterface.swift */,
			);
			path = Api;
			sourceTree = "<group>";
		};
		16C6E79624AA28DA00F362D4 /* MyProject */ = {
			isa = PBXGroup;
			children = (
				16C6E79724AA28DA00F362D4 /* MyProjectApiService.swift */,
				16C6E79824AA28DA00F362D4 /* HTTP.swift */,
			);
			path = MyProject;
			sourceTree = "<group>";
		};
		16C6E79E24AA28DA00F362D4 /* Assets */ = {
			isa = PBXGroup;
			children = (
				16C6E79F24AA28DA00F362D4 /* Assets.xcassets */,
				16C6E7A024AA28DA00F362D4 /* MyProject.entitlements */,
				16C6E7A124AA28DA00F362D4 /* LaunchScreen.storyboard */,
				16C6E7A324AA28DA00F362D4 /* Info.plist */,
			);
			path = Assets;
			sourceTree = "<group>";
		};
/* End PBXGroup section */

/* Begin PBXNativeTarget section */
		16C6E71D24AA231000F362D4 /* MyProject */ = {
			isa = PBXNativeTarget;
			buildConfigurationList = 16C6E73224AA231300F362D4 /* Build configuration list for PBXNativeTarget "MyProject" */;
			buildPhases = (
				16C6E71A24AA231000F362D4 /* Sources */,
				16C6E71B24AA231000F362D4 /* Frameworks */,
				16C6E71C24AA231000F362D4 /* Resources */,
			);
			buildRules = (
			);
			dependencies = (
			);
			name = MyProject;
			packageProductDependencies = (
				16C6E77324AA237F00F362D4 /* MyProjectApi */,
				16C6E77624AA239C00F362D4 /* VIPER */,
			);
			productName = MyProject;
			productReference = 16C6E71E24AA231000F362D4 /* MyProject.app */;
			productType = "com.apple.product-type.application";
		};
/* End PBXNativeTarget section */

/* Begin PBXProject section */
		16C6E71624AA231000F362D4 /* Project object */ = {
			isa = PBXProject;
			attributes = {
				LastSwiftUpdateCheck = 1150;
				LastUpgradeCheck = 1150;
				ORGANIZATIONNAME = "Tibor Bodecs";
				TargetAttributes = {
					16C6E71D24AA231000F362D4 = {
						CreatedOnToolsVersion = 11.5;
					};
				};
			};
			buildConfigurationList = 16C6E71924AA231000F362D4 /* Build configuration list for PBXProject "MyProjectClient" */;
			compatibilityVersion = "Xcode 9.3";
			developmentRegion = en;
			hasScannedForEncodings = 0;
			knownRegions = (
				en,
				Base,
			);
			mainGroup = 16C6E71524AA231000F362D4;
			packageReferences = (
				16C6E77524AA239C00F362D4 /* XCRemoteSwiftPackageReference "VIPER" */,
			);
			productRefGroup = 16C6E71F24AA231000F362D4 /* Products */;
			projectDirPath = "";
			projectRoot = "";
			targets = (
				16C6E71D24AA231000F362D4 /* MyProject */,
			);
		};
/* End PBXProject section */

/* Begin PBXResourcesBuildPhase section */
		16C6E71C24AA231000F362D4 /* Resources */ = {
			isa = PBXResourcesBuildPhase;
			buildActionMask = 2147483647;
			files = (
				16C6E7BF24AA28DA00F362D4 /* Assets.xcassets in Resources */,
				16C6E7C024AA28DA00F362D4 /* LaunchScreen.storyboard in Resources */,
			);
			runOnlyForDeploymentPostprocessing = 0;
		};
/* End PBXResourcesBuildPhase section */

/* Begin PBXSourcesBuildPhase section */
		16C6E71A24AA231000F362D4 /* Sources */ = {
			isa = PBXSourcesBuildPhase;
			buildActionMask = 2147483647;
			files = (
				16C6E7B024AA28DA00F362D4 /* AccountRouter.swift in Sources */,
				16C6E7B124AA28DA00F362D4 /* AccountModule.swift in Sources */,
				16C6E7B724AA28DA00F362D4 /* ServiceInteractor.swift in Sources */,
				16C6E7A824AA28DA00F362D4 /* ModuleRouter.swift in Sources */,
				16C6E7B624AA28DA00F362D4 /* App.swift in Sources */,
				16C6E7BD24AA28DA00F362D4 /* ServiceBuilder.swift in Sources */,
				16C6E7B424AA28DA00F362D4 /* AccountView.swift in Sources */,
				16C6E7A724AA28DA00F362D4 /* AppDelegate.swift in Sources */,
				16C6E7B524AA28DA00F362D4 /* ModuleBuilder.swift in Sources */,
				16C6E7A424AA28DA00F362D4 /* CustomCell.swift in Sources */,
				16C6E7A924AA28DA00F362D4 /* ModuleBuilderInterface.swift in Sources */,
				16C6E7BE24AA28DA00F362D4 /* SceneDelegate.swift in Sources */,
				16C6E7BA24AA28DA00F362D4 /* ApiServiceInterface.swift in Sources */,
				16C6E7B324AA28DA00F362D4 /* AccountPresenter.swift in Sources */,
				16C6E7AF24AA28DA00F362D4 /* RootEntity.swift in Sources */,
				16C6E7AD24AA28DA00F362D4 /* RootView.swift in Sources */,
				16C6E7B224AA28DA00F362D4 /* AccountInteractor.swift in Sources */,
				16C6E7BC24AA28DA00F362D4 /* ServiceInterface.swift in Sources */,
				16C6E7AC24AA28DA00F362D4 /* RootRouter.swift in Sources */,
				16C6E7B924AA28DA00F362D4 /* HTTP.swift in Sources */,
				16C6E7BB24AA28DA00F362D4 /* ServiceBuilderInterface.swift in Sources */,
				16C6E7AE24AA28DA00F362D4 /* RootPresenter.swift in Sources */,
				16C6E7AA24AA28DA00F362D4 /* RootModule.swift in Sources */,
				16C6E7A524AA28DA00F362D4 /* URLSession+DowloadTaskPublisher.swift in Sources */,
				16C6E7B824AA28DA00F362D4 /* MyProjectApiService.swift in Sources */,
				16C6E7AB24AA28DA00F362D4 /* RootInteractor.swift in Sources */,
				16C6E7A624AA28DA00F362D4 /* URLSession+DownloadTaskSubscription.swift in Sources */,
			);
			runOnlyForDeploymentPostprocessing = 0;
		};
/* End PBXSourcesBuildPhase section */

/* Begin PBXVariantGroup section */
		16C6E7A124AA28DA00F362D4 /* LaunchScreen.storyboard */ = {
			isa = PBXVariantGroup;
			children = (
				16C6E7A224AA28DA00F362D4 /* Base */,
			);
			name = LaunchScreen.storyboard;
			sourceTree = "<group>";
		};
/* End PBXVariantGroup section */

/* Begin XCBuildConfiguration section */
		16C6E73024AA231300F362D4 /* Debug */ = {
			isa = XCBuildConfiguration;
			buildSettings = {
				ALWAYS_SEARCH_USER_PATHS = NO;
				CLANG_ANALYZER_NONNULL = YES;
				CLANG_ANALYZER_NUMBER_OBJECT_CONVERSION = YES_AGGRESSIVE;
				CLANG_CXX_LANGUAGE_STANDARD = "gnu++14";
				CLANG_CXX_LIBRARY = "libc++";
				CLANG_ENABLE_MODULES = YES;
				CLANG_ENABLE_OBJC_ARC = YES;
				CLANG_ENABLE_OBJC_WEAK = YES;
				CLANG_WARN_BLOCK_CAPTURE_AUTORELEASING = YES;
				CLANG_WARN_BOOL_CONVERSION = YES;
				CLANG_WARN_COMMA = YES;
				CLANG_WARN_CONSTANT_CONVERSION = YES;
				CLANG_WARN_DEPRECATED_OBJC_IMPLEMENTATIONS = YES;
				CLANG_WARN_DIRECT_OBJC_ISA_USAGE = YES_ERROR;
				CLANG_WARN_DOCUMENTATION_COMMENTS = YES;
				CLANG_WARN_EMPTY_BODY = YES;
				CLANG_WARN_ENUM_CONVERSION = YES;
				CLANG_WARN_INFINITE_RECURSION = YES;
				CLANG_WARN_INT_CONVERSION = YES;
				CLANG_WARN_NON_LITERAL_NULL_CONVERSION = YES;
				CLANG_WARN_OBJC_IMPLICIT_RETAIN_SELF = YES;
				CLANG_WARN_OBJC_LITERAL_CONVERSION = YES;
				CLANG_WARN_OBJC_ROOT_CLASS = YES_ERROR;
				CLANG_WARN_RANGE_LOOP_ANALYSIS = YES;
				CLANG_WARN_STRICT_PROTOTYPES = YES;
				CLANG_WARN_SUSPICIOUS_MOVE = YES;
				CLANG_WARN_UNGUARDED_AVAILABILITY = YES_AGGRESSIVE;
				CLANG_WARN_UNREACHABLE_CODE = YES;
				CLANG_WARN__DUPLICATE_METHOD_MATCH = YES;
				COPY_PHASE_STRIP = NO;
				DEBUG_INFORMATION_FORMAT = dwarf;
				ENABLE_STRICT_OBJC_MSGSEND = YES;
				ENABLE_TESTABILITY = YES;
				GCC_C_LANGUAGE_STANDARD = gnu11;
				GCC_DYNAMIC_NO_PIC = NO;
				GCC_NO_COMMON_BLOCKS = YES;
				GCC_OPTIMIZATION_LEVEL = 0;
				GCC_PREPROCESSOR_DEFINITIONS = (
					"DEBUG=1",
					"$(inherited)",
				);
				GCC_WARN_64_TO_32_BIT_CONVERSION = YES;
				GCC_WARN_ABOUT_RETURN_TYPE = YES_ERROR;
				GCC_WARN_UNDECLARED_SELECTOR = YES;
				GCC_WARN_UNINITIALIZED_AUTOS = YES_AGGRESSIVE;
				GCC_WARN_UNUSED_FUNCTION = YES;
				GCC_WARN_UNUSED_VARIABLE = YES;
				IPHONEOS_DEPLOYMENT_TARGET = 13.5;
				MTL_ENABLE_DEBUG_INFO = INCLUDE_SOURCE;
				MTL_FAST_MATH = YES;
				ONLY_ACTIVE_ARCH = YES;
				SDKROOT = iphoneos;
				SWIFT_ACTIVE_COMPILATION_CONDITIONS = DEBUG;
				SWIFT_OPTIMIZATION_LEVEL = "-Onone";
			};
			name = Debug;
		};
		16C6E73124AA231300F362D4 /* Release */ = {
			isa = XCBuildConfiguration;
			buildSettings = {
				ALWAYS_SEARCH_USER_PATHS = NO;
				CLANG_ANALYZER_NONNULL = YES;
				CLANG_ANALYZER_NUMBER_OBJECT_CONVERSION = YES_AGGRESSIVE;
				CLANG_CXX_LANGUAGE_STANDARD = "gnu++14";
				CLANG_CXX_LIBRARY = "libc++";
				CLANG_ENABLE_MODULES = YES;
				CLANG_ENABLE_OBJC_ARC = YES;
				CLANG_ENABLE_OBJC_WEAK = YES;
				CLANG_WARN_BLOCK_CAPTURE_AUTORELEASING = YES;
				CLANG_WARN_BOOL_CONVERSION = YES;
				CLANG_WARN_COMMA = YES;
				CLANG_WARN_CONSTANT_CONVERSION = YES;
				CLANG_WARN_DEPRECATED_OBJC_IMPLEMENTATIONS = YES;
				CLANG_WARN_DIRECT_OBJC_ISA_USAGE = YES_ERROR;
				CLANG_WARN_DOCUMENTATION_COMMENTS = YES;
				CLANG_WARN_EMPTY_BODY = YES;
				CLANG_WARN_ENUM_CONVERSION = YES;
				CLANG_WARN_INFINITE_RECURSION = YES;
				CLANG_WARN_INT_CONVERSION = YES;
				CLANG_WARN_NON_LITERAL_NULL_CONVERSION = YES;
				CLANG_WARN_OBJC_IMPLICIT_RETAIN_SELF = YES;
				CLANG_WARN_OBJC_LITERAL_CONVERSION = YES;
				CLANG_WARN_OBJC_ROOT_CLASS = YES_ERROR;
				CLANG_WARN_RANGE_LOOP_ANALYSIS = YES;
				CLANG_WARN_STRICT_PROTOTYPES = YES;
				CLANG_WARN_SUSPICIOUS_MOVE = YES;
				CLANG_WARN_UNGUARDED_AVAILABILITY = YES_AGGRESSIVE;
				CLANG_WARN_UNREACHABLE_CODE = YES;
				CLANG_WARN__DUPLICATE_METHOD_MATCH = YES;
				COPY_PHASE_STRIP = NO;
				DEBUG_INFORMATION_FORMAT = "dwarf-with-dsym";
				ENABLE_NS_ASSERTIONS = NO;
				ENABLE_STRICT_OBJC_MSGSEND = YES;
				GCC_C_LANGUAGE_STANDARD = gnu11;
				GCC_NO_COMMON_BLOCKS = YES;
				GCC_WARN_64_TO_32_BIT_CONVERSION = YES;
				GCC_WARN_ABOUT_RETURN_TYPE = YES_ERROR;
				GCC_WARN_UNDECLARED_SELECTOR = YES;
				GCC_WARN_UNINITIALIZED_AUTOS = YES_AGGRESSIVE;
				GCC_WARN_UNUSED_FUNCTION = YES;
				GCC_WARN_UNUSED_VARIABLE = YES;
				IPHONEOS_DEPLOYMENT_TARGET = 13.5;
				MTL_ENABLE_DEBUG_INFO = NO;
				MTL_FAST_MATH = YES;
				SDKROOT = iphoneos;
				SWIFT_COMPILATION_MODE = wholemodule;
				SWIFT_OPTIMIZATION_LEVEL = "-O";
				VALIDATE_PRODUCT = YES;
			};
			name = Release;
		};
		16C6E73324AA231300F362D4 /* Debug */ = {
			isa = XCBuildConfiguration;
			buildSettings = {
				ASSETCATALOG_COMPILER_APPICON_NAME = AppIcon;
				CODE_SIGN_STYLE = Automatic;
				DEVELOPMENT_TEAM = 66WNSAMTN9;
				INFOPLIST_FILE = "$(SRCROOT)/iOS/Assets/Info.plist";
				LD_RUNPATH_SEARCH_PATHS = (
					"$(inherited)",
					"@executable_path/Frameworks",
				);
				PRODUCT_BUNDLE_IDENTIFIER = com.tiborbodecs.MyProject;
				PRODUCT_NAME = "$(TARGET_NAME)";
				SWIFT_VERSION = 5.0;
				TARGETED_DEVICE_FAMILY = "1,2";
			};
			name = Debug;
		};
		16C6E73424AA231300F362D4 /* Release */ = {
			isa = XCBuildConfiguration;
			buildSettings = {
				ASSETCATALOG_COMPILER_APPICON_NAME = AppIcon;
				CODE_SIGN_STYLE = Automatic;
				DEVELOPMENT_TEAM = 66WNSAMTN9;
				INFOPLIST_FILE = "$(SRCROOT)/iOS/Assets/Info.plist";
				LD_RUNPATH_SEARCH_PATHS = (
					"$(inherited)",
					"@executable_path/Frameworks",
				);
				PRODUCT_BUNDLE_IDENTIFIER = com.tiborbodecs.MyProject;
				PRODUCT_NAME = "$(TARGET_NAME)";
				SWIFT_VERSION = 5.0;
				TARGETED_DEVICE_FAMILY = "1,2";
			};
			name = Release;
		};
/* End XCBuildConfiguration section */

/* Begin XCConfigurationList section */
		16C6E71924AA231000F362D4 /* Build configuration list for PBXProject "MyProjectClient" */ = {
			isa = XCConfigurationList;
			buildConfigurations = (
				16C6E73024AA231300F362D4 /* Debug */,
				16C6E73124AA231300F362D4 /* Release */,
			);
			defaultConfigurationIsVisible = 0;
			defaultConfigurationName = Release;
		};
		16C6E73224AA231300F362D4 /* Build configuration list for PBXNativeTarget "MyProject" */ = {
			isa = XCConfigurationList;
			buildConfigurations = (
				16C6E73324AA231300F362D4 /* Debug */,
				16C6E73424AA231300F362D4 /* Release */,
			);
			defaultConfigurationIsVisible = 0;
			defaultConfigurationName = Release;
		};
/* End XCConfigurationList section */

/* Begin XCRemoteSwiftPackageReference section */
		16C6E77524AA239C00F362D4 /* XCRemoteSwiftPackageReference "VIPER" */ = {
			isa = XCRemoteSwiftPackageReference;
			repositoryURL = "https://github.com/CoreKit/VIPER";
			requirement = {
				kind = upToNextMajorVersion;
				minimumVersion = 3.0.0;
			};
		};
/* End XCRemoteSwiftPackageReference section */

/* Begin XCSwiftPackageProductDependency section */
		16C6E77324AA237F00F362D4 /* MyProjectApi */ = {
			isa = XCSwiftPackageProductDependency;
			productName = MyProjectApi;
		};
		16C6E77624AA239C00F362D4 /* VIPER */ = {
			isa = XCSwiftPackageProductDependency;
			package = 16C6E77524AA239C00F362D4 /* XCRemoteSwiftPackageReference "VIPER" */;
			productName = VIPER;
		};
/* End XCSwiftPackageProductDependency section */
	};
	rootObject = 16C6E71624AA231000F362D4 /* Project object */;
}
